#MicroXplorer Configuration settings - do not modify
Mcu.Family=STM32F1
PD7.Mode=NorPsramChipSelect1_1
ProjectManager.MainLocation=Core/Src
RCC.MCOFreq_Value=72000000
PD12.GPIO_Label=TP_IRQ
NVIC.DMA1_Channel5_IRQn=true\:0\:0\:false\:false\:true\:false\:true
ProjectManager.KeepUserCode=true
Mcu.UserName=STM32F103VETx
Dma.USART1_TX.1.MemInc=DMA_MINC_ENABLE
SPI2.VirtualType=VM_MASTER
TIM1.IPParameters=Prescaler,Period
USART1.BaudRate=9600
RCC.PLLCLKFreq_Value=72000000
USART1.WordLength=WORDLENGTH_8B
ProjectManager.functionlistsort=1-MX_GPIO_Init-GPIO-false-HAL-true,2-MX_DMA_Init-DMA-false-HAL-true,3-SystemClock_Config-RCC-false-HAL-false,4-MX_FSMC_Init-FSMC-false-HAL-true,5-MX_SPI2_Init-SPI2-false-HAL-true,6-MX_USART1_UART_Init-USART1-false-HAL-true,7-MX_TIM1_Init-TIM1-false-HAL-true
RCC.ADCFreqValue=18000000
NVIC.TIM1_UP_IRQn=true\:0\:0\:false\:false\:true\:true\:true
USART1.IPParameters=VirtualMode,BaudRate,WordLength,StopBits,Parity
PB13.Signal=SPI2_SCK
PB15.Signal=SPI2_MOSI
PD9.Mode=16b-d1
PinOutPanel.RotationAngle=0
RCC.SYSCLKSource=RCC_SYSCLKSOURCE_PLLCLK
ProjectManager.StackSize=0x400
PD13.Signal=GPIO_Output
Mcu.IP4=SPI2
RCC.FCLKCortexFreq_Value=72000000
Mcu.IP5=SYS
PD13.Locked=true
Mcu.IP2=NVIC
NVIC.SVCall_IRQn=true\:0\:0\:false\:false\:true\:false\:false
Mcu.IP3=RCC
RCC.SDIOHCLKDiv2FreqValue=36000000
Mcu.IP0=DMA
Mcu.IP1=FSMC
TIM1.Prescaler=7200
USART1.StopBits=STOPBITS_1
PE11.Mode=16b-d1
Mcu.UserConstants=
Mcu.ThirdPartyNb=0
RCC.SDIOFreq_Value=72000000
RCC.HCLKFreq_Value=72000000
Mcu.IPNb=8
ProjectManager.PreviousToolchain=STM32CubeIDE
PD4.Signal=FSMC_NOE
RCC.APB2TimFreq_Value=72000000
PD10.Mode=16b-d1
Mcu.Pin6=PE11
PD0.Signal=FSMC_D2
Mcu.Pin7=PE12
PD8.Signal=FSMC_D13
Mcu.Pin8=PE13
OSC_OUT.Mode=HSE-External-Oscillator
Mcu.Pin9=PE14
OSC_OUT.Signal=RCC_OSC_OUT
RCC.AHBFreq_Value=72000000
SPI2.BaudRatePrescaler=SPI_BAUDRATEPRESCALER_32
Dma.USART1_RX.0.Priority=DMA_PRIORITY_HIGH
Mcu.Pin0=OSC_IN
Mcu.Pin1=OSC_OUT
PD5.Mode=Lcd1
GPIO.groupedBy=
Mcu.Pin2=PE7
Mcu.Pin3=PE8
Mcu.Pin4=PE9
Mcu.Pin5=PE10
ProjectManager.ProjectBuild=false
RCC.HSE_VALUE=16000000
NVIC.UsageFault_IRQn=true\:0\:0\:false\:false\:true\:false\:false
NVIC.DebugMonitor_IRQn=true\:0\:0\:false\:false\:true\:false\:false
NVIC.SysTick_IRQn=true\:0\:0\:false\:false\:true\:false\:true
SH.GPXTI12.0=GPIO_EXTI12
RCC.PLLMUL=RCC_PLL_MUL9
ProjectManager.FirmwarePackage=STM32Cube FW_F1 V1.8.3
MxDb.Version=DB.6.0.20
PE13.Signal=FSMC_D10
ProjectManager.BackupPrevious=false
PE9.Signal=FSMC_D6
PA14.Mode=Serial_Wire
PB14.Mode=Full_Duplex_Master
PD14.Mode=16b-d1
File.Version=6
SPI2.CalculateBaudRate=1.125 MBits/s
PE13.Mode=16b-d1
NVIC.PendSV_IRQn=true\:0\:0\:false\:false\:true\:false\:false
Dma.USART1_RX.0.MemInc=DMA_MINC_ENABLE
PE10.Signal=FSMC_D7
Dma.RequestsNb=2
ProjectManager.HalAssertFull=false
VP_TIM1_VS_ClockSourceINT.Mode=Internal
Dma.USART1_TX.1.PeriphDataAlignment=DMA_PDATAALIGN_BYTE
ProjectManager.ProjectName=f1tp
RCC.PLLMCOFreq_Value=36000000
PD15.Mode=16b-d1
PD13.GPIO_Label=TP_CS
Mcu.Package=LQFP100
SPI2.Mode=SPI_MODE_MASTER
RCC.I2S2Freq_Value=72000000
PD12.Signal=GPXTI12
ProjectManager.ToolChainLocation=
VP_SYS_VS_Systick.Signal=SYS_VS_Systick
Dma.USART1_RX.0.RequestParameters=Instance,Direction,PeriphInc,MemInc,PeriphDataAlignment,MemDataAlignment,Mode,Priority
PA10.Signal=USART1_RX
PE9.Mode=16b-d1
RCC.APB2CLKDivider=RCC_HCLK_DIV2
PD4.Mode=Lcd1
Dma.Request1=USART1_TX
RCC.APB1TimFreq_Value=72000000
NVIC.BusFault_IRQn=true\:0\:0\:false\:false\:true\:false\:false
Dma.USART1_RX.0.Mode=DMA_NORMAL
Dma.USART1_TX.1.Priority=DMA_PRIORITY_LOW
SPI2.Direction=SPI_DIRECTION_2LINES
TIM1.Period=10000
PB13.Mode=Full_Duplex_Master
NVIC.DMA1_Channel4_IRQn=true\:0\:0\:false\:false\:true\:false\:true
PE7.Signal=FSMC_D4
NVIC.USART1_IRQn=true\:0\:0\:false\:false\:true\:true\:true
Dma.Request0=USART1_RX
PD15.Signal=FSMC_D1
Dma.USART1_RX.0.Instance=DMA1_Channel5
ProjectManager.CustomerFirmwarePackage=
Dma.USART1_TX.1.Direction=DMA_MEMORY_TO_PERIPH
PE12.Mode=16b-d1
RCC.PLLSourceVirtual=RCC_PLLSOURCE_HSE
Dma.USART1_TX.1.Instance=DMA1_Channel4
ProjectManager.ProjectFileName=f1tp.ioc
Dma.USART1_RX.0.PeriphDataAlignment=DMA_PDATAALIGN_BYTE
PA10.Mode=Asynchronous
Mcu.PinsNb=34
ProjectManager.NoMain=false
Dma.USART1_TX.1.RequestParameters=Instance,Direction,PeriphInc,MemInc,PeriphDataAlignment,MemDataAlignment,Mode,Priority
PE10.Mode=16b-d1
PD13.GPIOParameters=GPIO_Label
PD7.Signal=FSMC_NE1
PD1.Signal=FSMC_D3
ProjectManager.DefaultFWLocation=true
PD9.Signal=FSMC_D14
PD5.Signal=FSMC_NWE
ProjectManager.DeletePrevious=true
RCC.APB1CLKDivider=RCC_HCLK_DIV2
RCC.FamilyName=M
RCC.I2S3Freq_Value=72000000
PD12.Locked=true
PE8.Mode=16b-d1
PD10.Signal=FSMC_D15
PA13.Signal=SYS_JTMS-SWDIO
PA9.Mode=Asynchronous
VP_TIM1_VS_ClockSourceITR.Signal=TIM1_VS_ClockSourceITR
PD12.GPIOParameters=GPIO_Label
ProjectManager.TargetToolchain=STM32CubeIDE
Dma.USART1_RX.0.Direction=DMA_PERIPH_TO_MEMORY
PA9.Signal=USART1_TX
USART1.Parity=PARITY_NONE
VP_TIM1_VS_ClockSourceINT.Signal=TIM1_VS_ClockSourceINT
VP_TIM1_VS_ClockSourceITR.Mode=TriggerSource_ITR0
SH.GPXTI12.ConfNb=1
SPI2.IPParameters=VirtualType,Mode,Direction,CalculateBaudRate,BaudRatePrescaler
ProjectManager.RegisterCallBack=
OSC_IN.Signal=RCC_OSC_IN
RCC.USBFreq_Value=72000000
PE11.Signal=FSMC_D8
PD8.Mode=16b-d1
Dma.USART1_RX.0.PeriphInc=DMA_PINC_DISABLE
PB14.Signal=SPI2_MISO
Dma.USART1_TX.1.MemDataAlignment=DMA_MDATAALIGN_BYTE
board=custom
ProjectManager.LastFirmware=true
PB15.Mode=Full_Duplex_Master
PD1.Mode=16b-d1
RCC.VCOOutput2Freq_Value=8000000
RCC.APB2Freq_Value=36000000
PE14.Signal=FSMC_D11
PE15.Signal=FSMC_D12
MxCube.Version=6.2.0
PE8.Signal=FSMC_D5
PE14.Mode=16b-d1
Mcu.Pin30=PD7
VP_SYS_VS_Systick.Mode=SysTick
Mcu.Pin33=VP_TIM1_VS_ClockSourceITR
Dma.USART1_RX.0.MemDataAlignment=DMA_MDATAALIGN_BYTE
Mcu.Pin31=VP_SYS_VS_Systick
Mcu.Pin32=VP_TIM1_VS_ClockSourceINT
NVIC.NonMaskableInt_IRQn=true\:0\:0\:false\:false\:true\:false\:false
PA13.Mode=Serial_Wire
ProjectManager.FreePins=false
RCC.IPParameters=ADCFreqValue,AHBFreq_Value,APB1CLKDivider,APB1Freq_Value,APB1TimFreq_Value,APB2CLKDivider,APB2Freq_Value,APB2TimFreq_Value,FCLKCortexFreq_Value,FSMCFreq_Value,FamilyName,HCLKFreq_Value,HSEDivPLL,HSE_VALUE,I2S2Freq_Value,I2S3Freq_Value,MCOFreq_Value,PLLCLKFreq_Value,PLLMCOFreq_Value,PLLMUL,PLLSourceVirtual,SDIOFreq_Value,SDIOHCLKDiv2FreqValue,SYSCLKFreq_VALUE,SYSCLKSource,TimSysFreq_Value,USBFreq_Value,VCOOutput2Freq_Value
ProjectManager.AskForMigrate=true
Mcu.Name=STM32F103V(C-D-E)Tx
PD0.Mode=16b-d1
Mcu.Pin26=PD0
PE12.Signal=FSMC_D9
Mcu.Pin27=PD1
Mcu.Pin24=PA13
ProjectManager.UnderRoot=true
Mcu.Pin25=PA14
PD14.Signal=FSMC_D0
Mcu.Pin28=PD4
Mcu.IP6=TIM1
RCC.FSMCFreq_Value=72000000
Mcu.Pin29=PD5
Mcu.IP7=USART1
ProjectManager.CoupleFile=false
RCC.SYSCLKFreq_VALUE=72000000
PE7.Mode=16b-d1
Mcu.Pin22=PA9
Mcu.Pin23=PA10
RCC.TimSysFreq_Value=72000000
Mcu.Pin20=PD14
Mcu.Pin21=PD15
NVIC.ForceEnableDMAVector=true
KeepUserPlacement=false
OSC_IN.Mode=HSE-External-Oscillator
PD11.Signal=FSMC_A16
RCC.HSEDivPLL=RCC_HSE_PREDIV_DIV2
Dma.USART1_TX.1.Mode=DMA_NORMAL
NVIC.MemoryManagement_IRQn=true\:0\:0\:false\:false\:true\:false\:false
USART1.VirtualMode=VM_ASYNC
ProjectManager.CompilerOptimize=6
PA14.Signal=SYS_JTCK-SWCLK
ProjectManager.HeapSize=0x200
Mcu.Pin15=PD9
Dma.USART1_TX.1.PeriphInc=DMA_PINC_DISABLE
NVIC.HardFault_IRQn=true\:0\:0\:false\:false\:true\:false\:false
Mcu.Pin16=PD10
Mcu.Pin13=PB15
Mcu.Pin14=PD8
PD11.Mode=A16_1
Mcu.Pin19=PD13
ProjectManager.ComputerToolchain=false
Mcu.Pin17=PD11
Mcu.Pin18=PD12
NVIC.PriorityGroup=NVIC_PRIORITYGROUP_4
Mcu.Pin11=PB13
Mcu.Pin12=PB14
Mcu.Pin10=PE15
RCC.APB1Freq_Value=36000000
ProjectManager.DeviceId=STM32F103VETx
ProjectManager.LibraryCopy=1
PE15.Mode=16b-d1
isbadioc=false
